
Microsoft Visual Studio Solution File, Format Version 12.00
# Visual Studio 14
VisualStudioVersion = 14.0.25420.1
MinimumVisualStudioVersion = 10.0.40219.1
Project("{FAE04EC0-301F-11D3-BF4B-00C04F79EFBC}") = "ScreamControlDebug", "ScreamControlDebug\ScreamControlDebug.csproj", "{B46F4250-D812-4147-B381-61385DA6C078}"
EndProject
Project("{FAE04EC0-301F-11D3-BF4B-00C04F79EFBC}") = "ScreamControl_Client", "ScreamControl_WPF\ScreamControl_Client.csproj", "{1DA774DC-D988-4058-B9BF-CBEBA7BAC32C}"
EndProject
Project("{FAE04EC0-301F-11D3-BF4B-00C04F79EFBC}") = "ScreamControl_Control", "ScreamControl_Control\ScreamControl_Control.csproj", "{C282C3FB-7D57-4A39-8B99-9EB84F5E3FF2}"
EndProject
Project("{FAE04EC0-301F-11D3-BF4B-00C04F79EFBC}") = "Updater", "Updater\Updater.csproj", "{A8B4EE7A-67E0-47B6-945E-B6ECB4ED2B07}"
EndProject
Global
	GlobalSection(SolutionConfigurationPlatforms) = preSolution
		Debug|Any CPU = Debug|Any CPU
		Release|Any CPU = Release|Any CPU
	EndGlobalSection
	GlobalSection(ProjectConfigurationPlatforms) = postSolution
		{B46F4250-D812-4147-B381-61385DA6C078}.Debug|Any CPU.ActiveCfg = Debug|Any CPU
		{B46F4250-D812-4147-B381-61385DA6C078}.Debug|Any CPU.Build.0 = Debug|Any CPU
		{B46F4250-D812-4147-B381-61385DA6C078}.Release|Any CPU.ActiveCfg = Release|Any CPU
		{B46F4250-D812-4147-B381-61385DA6C078}.Release|Any CPU.Build.0 = Release|Any CPU
		{1DA774DC-D988-4058-B9BF-CBEBA7BAC32C}.Debug|Any CPU.ActiveCfg = Debug|Any CPU
		{1DA774DC-D988-4058-B9BF-CBEBA7BAC32C}.Debug|Any CPU.Build.0 = Debug|Any CPU
		{1DA774DC-D988-4058-B9BF-CBEBA7BAC32C}.Release|Any CPU.ActiveCfg = Release|Any CPU
		{1DA774DC-D988-4058-B9BF-CBEBA7BAC32C}.Release|Any CPU.Build.0 = Release|Any CPU
		{C282C3FB-7D57-4A39-8B99-9EB84F5E3FF2}.Debug|Any CPU.ActiveCfg = Debug|Any CPU
		{C282C3FB-7D57-4A39-8B99-9EB84F5E3FF2}.Debug|Any CPU.Build.0 = Debug|Any CPU
		{C282C3FB-7D57-4A39-8B99-9EB84F5E3FF2}.Release|Any CPU.ActiveCfg = Release|Any CPU
		{C282C3FB-7D57-4A39-8B99-9EB84F5E3FF2}.Release|Any CPU.Build.0 = Release|Any CPU
		{A8B4EE7A-67E0-47B6-945E-B6ECB4ED2B07}.Debug|Any CPU.ActiveCfg = Debug|Any CPU
		{A8B4EE7A-67E0-47B6-945E-B6ECB4ED2B07}.Debug|Any CPU.Build.0 = Debug|Any CPU
		{A8B4EE7A-67E0-47B6-945E-B6ECB4ED2B07}.Release|Any CPU.ActiveCfg = Release|Any CPU
		{A8B4EE7A-67E0-47B6-945E-B6ECB4ED2B07}.Release|Any CPU.Build.0 = Release|Any CPU
	EndGlobalSection
	GlobalSection(SolutionProperties) = preSolution
		HideSolutionNode = FALSE
	EndGlobalSection
EndGlobal
